{
  "nodes": {
    "home-manager": {
      "inputs": {
        "nixpkgs": [
          "nixpkgs"
        ]
      },
      "locked": {
        "lastModified": 1709445365,
        "narHash": "sha256-DVv6nd9FQBbMWbOmhq0KVqmlc3y3FMSYl49UXmMcO+0=",
        "owner": "nix-community",
        "repo": "home-manager",
        "rev": "4de84265d7ec7634a69ba75028696d74de9a44a7",
        "type": "github"
      },
      "original": {
        "owner": "nix-community",
        "repo": "home-manager",
        "type": "github"
      }
    },
    "nix-formatter-pack": {
      "inputs": {
        "nixpkgs": [
          "nixpkgs"
        ],
        "nmd": [
          "nmd"
        ],
        "nmt": "nmt"
      },
      "locked": {
        "lastModified": 1705252799,
        "narHash": "sha256-HgSTREh7VoXjGgNDwKQUYcYo13rPkltW7IitHrTPA5c=",
        "owner": "Gerschtli",
        "repo": "nix-formatter-pack",
        "rev": "2de39dedd79aab14c01b9e2934842051a160ffa5",
        "type": "github"
      },
      "original": {
        "owner": "Gerschtli",
        "repo": "nix-formatter-pack",
        "type": "github"
      }
    },
    "nixpkgs": {
      "locked": {
        "lastModified": 1708172716,
        "narHash": "sha256-3M94oln0b61m3dUmLyECCA9hYAHXZEszM4saE3CmQO4=",
        "owner": "NixOS",
        "repo": "nixpkgs",
        "rev": "5d874ac46894c896119bce68e758e9e80bdb28f1",
        "type": "github"
      },
      "original": {
        "owner": "NixOS",
        "repo": "nixpkgs",
        "type": "github"
      }
    },
    "nixpkgs-docs": {
      "locked": {
        "lastModified": 1705957679,
        "narHash": "sha256-Q8LJaVZGJ9wo33wBafvZSzapYsjOaNjP/pOnSiKVGHY=",
        "owner": "NixOS",
        "repo": "nixpkgs",
        "rev": "9a333eaa80901efe01df07eade2c16d183761fa3",
        "type": "github"
      },
      "original": {
        "owner": "NixOS",
        "ref": "release-23.05",
        "repo": "nixpkgs",
        "type": "github"
      }
    },
    "nixpkgs-for-bootstrap": {
      "locked": {
        "lastModified": 1720244366,
        "narHash": "sha256-WrDV0FPMVd2Sq9hkR5LNHudS3OSMmUrs90JUTN+MXpA=",
        "owner": "NixOS",
        "repo": "nixpkgs",
        "rev": "49ee0e94463abada1de470c9c07bfc12b36dcf40",
        "type": "github"
      },
      "original": {
        "owner": "NixOS",
        "repo": "nixpkgs",
        "rev": "49ee0e94463abada1de470c9c07bfc12b36dcf40",
        "type": "github"
      }
    },
    "nmd": {
      "inputs": {
        "nixpkgs": [
          "nixpkgs-docs"
        ],
        "scss-reset": "scss-reset"
      },
      "locked": {
        "lastModified": 1705050560,
        "narHash": "sha256-x3zzcdvhJpodsmdjqB4t5mkVW22V3wqHLOun0KRBzUI=",
        "owner": "~rycee",
        "repo": "nmd",
        "rev": "66d9334933119c36f91a78d565c152a4fdc8d3d3",
        "type": "sourcehut"
      },
      "original": {
        "owner": "~rycee",
        "repo": "nmd",
        "type": "sourcehut"
      }
    },
    "nmt": {
      "flake": false,
      "locked": {
        "lastModified": 1648075362,
        "narHash": "sha256-u36WgzoA84dMVsGXzml4wZ5ckGgfnvS0ryzo/3zn/Pc=",
        "owner": "rycee",
        "repo": "nmt",
        "rev": "d83601002c99b78c89ea80e5e6ba21addcfe12ae",
        "type": "gitlab"
      },
      "original": {
        "owner": "rycee",
        "repo": "nmt",
        "type": "gitlab"
      }
    },
    "root": {
      "inputs": {
        "home-manager": "home-manager",
        "nix-formatter-pack": "nix-formatter-pack",
        "nixpkgs": "nixpkgs",
        "nixpkgs-docs": "nixpkgs-docs",
        "nixpkgs-for-bootstrap": "nixpkgs-for-bootstrap",
        "nmd": "nmd"
      }
    },
    "scss-reset": {
      "flake": false,
      "locked": {
        "lastModified": 1631450058,
        "narHash": "sha256-muDlZJPtXDIGevSEWkicPP0HQ6VtucbkMNygpGlBEUM=",
        "owner": "andreymatin",
        "repo": "scss-reset",
        "rev": "0cf50e27a4e95e9bb5b1715eedf9c54dee1a5a91",
        "type": "github"
      },
      "original": {
        "owner": "andreymatin",
        "repo": "scss-reset",
        "type": "github"
      }
    }
  },
  "root": "root",
  "version": 7
}
